
Microsoft Visual Studio Solution File, Format Version 12.00
# Visual Studio Version 17
VisualStudioVersion = 17.9.34728.123
MinimumVisualStudioVersion = 10.0.40219.1
Project("{2150E333-8FDC-42A3-9474-1A3956D46DE8}") = "src", "src", "{02F8D1C1-1E5D-4039-837D-9401C7CF1485}"
EndProject
Project("{FAE04EC0-301F-11D3-BF4B-00C04F79EFBC}") = "BiddingService", "BiddingService\BiddingService.csproj", "{28A0447C-2CD2-4C92-B1A5-E640E3634B01}"
EndProject
Project("{FAE04EC0-301F-11D3-BF4B-00C04F79EFBC}") = "NotificationService", "NotificationService\NotificationService.csproj", "{45016ADE-C4BB-407B-901F-BAB98D2CD518}"
EndProject
Project("{FAE04EC0-301F-11D3-BF4B-00C04F79EFBC}") = "InvoiceService", "InvoiceService\InvoiceService.csproj", "{ED8A9F23-94E7-4678-881F-66A9F846EA4F}"
EndProject
Project("{FAE04EC0-301F-11D3-BF4B-00C04F79EFBC}") = "AuctionRoomService", "AuctionRoomService\AuctionRoomService.csproj", "{D8BC977A-DFDA-45DF-B676-4CCC8CE2FC5D}"
EndProject
Project("{FAE04EC0-301F-11D3-BF4B-00C04F79EFBC}") = "IdentityAuthService", "IdentityAuthService\IdentityAuthService.csproj", "{593FF200-FE34-4700-B9D5-9ECD89FC6667}"
EndProject
Project("{FAE04EC0-301F-11D3-BF4B-00C04F79EFBC}") = "RoomService", "RoomService\RoomService.csproj", "{D2F77EE8-77CE-45F6-BC9C-963F21AB8294}"
EndProject
Global
	GlobalSection(SolutionConfigurationPlatforms) = preSolution
		Debug|Any CPU = Debug|Any CPU
		Release|Any CPU = Release|Any CPU
	EndGlobalSection
	GlobalSection(ProjectConfigurationPlatforms) = postSolution
		{28A0447C-2CD2-4C92-B1A5-E640E3634B01}.Debug|Any CPU.ActiveCfg = Debug|Any CPU
		{28A0447C-2CD2-4C92-B1A5-E640E3634B01}.Debug|Any CPU.Build.0 = Debug|Any CPU
		{28A0447C-2CD2-4C92-B1A5-E640E3634B01}.Release|Any CPU.ActiveCfg = Release|Any CPU
		{28A0447C-2CD2-4C92-B1A5-E640E3634B01}.Release|Any CPU.Build.0 = Release|Any CPU
		{45016ADE-C4BB-407B-901F-BAB98D2CD518}.Debug|Any CPU.ActiveCfg = Debug|Any CPU
		{45016ADE-C4BB-407B-901F-BAB98D2CD518}.Debug|Any CPU.Build.0 = Debug|Any CPU
		{45016ADE-C4BB-407B-901F-BAB98D2CD518}.Release|Any CPU.ActiveCfg = Release|Any CPU
		{45016ADE-C4BB-407B-901F-BAB98D2CD518}.Release|Any CPU.Build.0 = Release|Any CPU
		{ED8A9F23-94E7-4678-881F-66A9F846EA4F}.Debug|Any CPU.ActiveCfg = Debug|Any CPU
		{ED8A9F23-94E7-4678-881F-66A9F846EA4F}.Debug|Any CPU.Build.0 = Debug|Any CPU
		{ED8A9F23-94E7-4678-881F-66A9F846EA4F}.Release|Any CPU.ActiveCfg = Release|Any CPU
		{ED8A9F23-94E7-4678-881F-66A9F846EA4F}.Release|Any CPU.Build.0 = Release|Any CPU
		{D8BC977A-DFDA-45DF-B676-4CCC8CE2FC5D}.Debug|Any CPU.ActiveCfg = Debug|Any CPU
		{D8BC977A-DFDA-45DF-B676-4CCC8CE2FC5D}.Debug|Any CPU.Build.0 = Debug|Any CPU
		{D8BC977A-DFDA-45DF-B676-4CCC8CE2FC5D}.Release|Any CPU.ActiveCfg = Release|Any CPU
		{D8BC977A-DFDA-45DF-B676-4CCC8CE2FC5D}.Release|Any CPU.Build.0 = Release|Any CPU
		{593FF200-FE34-4700-B9D5-9ECD89FC6667}.Debug|Any CPU.ActiveCfg = Debug|Any CPU
		{593FF200-FE34-4700-B9D5-9ECD89FC6667}.Debug|Any CPU.Build.0 = Debug|Any CPU
		{593FF200-FE34-4700-B9D5-9ECD89FC6667}.Release|Any CPU.ActiveCfg = Release|Any CPU
		{593FF200-FE34-4700-B9D5-9ECD89FC6667}.Release|Any CPU.Build.0 = Release|Any CPU
		{D2F77EE8-77CE-45F6-BC9C-963F21AB8294}.Debug|Any CPU.ActiveCfg = Debug|Any CPU
		{D2F77EE8-77CE-45F6-BC9C-963F21AB8294}.Debug|Any CPU.Build.0 = Debug|Any CPU
		{D2F77EE8-77CE-45F6-BC9C-963F21AB8294}.Release|Any CPU.ActiveCfg = Release|Any CPU
		{D2F77EE8-77CE-45F6-BC9C-963F21AB8294}.Release|Any CPU.Build.0 = Release|Any CPU
	EndGlobalSection
	GlobalSection(SolutionProperties) = preSolution
		HideSolutionNode = FALSE
	EndGlobalSection
	GlobalSection(NestedProjects) = preSolution
		{28A0447C-2CD2-4C92-B1A5-E640E3634B01} = {02F8D1C1-1E5D-4039-837D-9401C7CF1485}
		{45016ADE-C4BB-407B-901F-BAB98D2CD518} = {02F8D1C1-1E5D-4039-837D-9401C7CF1485}
		{ED8A9F23-94E7-4678-881F-66A9F846EA4F} = {02F8D1C1-1E5D-4039-837D-9401C7CF1485}
		{D8BC977A-DFDA-45DF-B676-4CCC8CE2FC5D} = {02F8D1C1-1E5D-4039-837D-9401C7CF1485}
		{593FF200-FE34-4700-B9D5-9ECD89FC6667} = {02F8D1C1-1E5D-4039-837D-9401C7CF1