
Microsoft Visual Studio Solution File, Format Version 12.00
# Visual Studio Version 17
VisualStudioVersion = 17.9.34728.123
MinimumVisualStudioVersion = 10.0.40219.1
Project("{9A19103F-16F7-4668-BE54-9A1E7A4F7556}") = "BiddingService", "BiddingService\BiddingService.csproj", "{28A0447C-2CD2-4C92-B1A5-E640E3634B01}"
EndProject
Project("{9A19103F-16F7-4668-BE54-9A1E7A4F7556}") = "NotificationService", "NotificationService\NotificationService.csproj", "{45016ADE-C4BB-407B-901F-BAB98D2CD518}"
EndProject
Project("{9A19103F-16F7-4668-BE54-9A1E7A4F7556}") = "InvoiceService", "InvoiceService\InvoiceService.csproj", "{ED8A9F23-94E7-4678-881F-66A9F846EA4F}"
EndProject
Project("{9A19103F-16F7-4668-BE54-9A1E7A4F7556}") = "AuctionRoomService", "AuctionRoomService\AuctionRoomService.csproj", "{D8BC977A-DFDA-45DF-B676-4CCC8CE2FC5D}"
EndProject
Project("{9A19103F-16F7-4668-BE54-9A1E7A4F7556}") = "IdentityAuthService", "IdentityAuthService\IdentityAuthService.csproj", "{593FF200-FE34-4700-B9D5-9ECD89FC6667}"
EndProject
Project("{9A19103F-16F7-4668-BE54-9A1E7A4F7556}") = "KernelShared", "KernelShared\KernelShared.csproj", "{8DD1E4D9-F9AF-450A-963B-5D63E2FAFC65}"
EndProject
Project("{FAE04EC0-301F-11D3-BF4B-00C04F79EFBC}") = "GatewayService", "GatewayService\GatewayService.csproj", "{1530A700-9AA5-4B33-A6E9-692209369985}"
EndProject
Global
	GlobalSection(SolutionConfigurationPlatforms) = preSolution
		Debug|Any CPU = Debug|Any CPU
		Release|Any CPU = Release|Any CPU
	EndGlobalSection
	GlobalSection(ProjectConfigurationPlatforms) = postSolution
		{28A0447C-2CD2-4C92-B1A5-E640E3634B01}.Debug|Any CPU.ActiveCfg = Debug|Any CPU
		{28A0447C-2CD2-4C92-B1A5-E640E3634B01}.Debug|Any CPU.Build.0 = Debug|Any CPU
		{28A0447C-2CD2-4C92-B1A5-E640E3634B01}.Release|Any CPU.ActiveCfg = Release|Any CPU
		{28A0447C-2CD2-4C92-B1A5-E640E3634B01}.Release|Any CPU.Build.0 = Release|Any CPU
		{45016ADE-C4BB-407B-901F-BAB98D2CD518}.Debug|Any CPU.ActiveCfg = Debug|Any CPU
		{45016ADE-C4BB-407B-901F-BAB98D2CD518}.Debug|Any CPU.Build.0 = Debug|Any CPU
		{45016ADE-C4BB-407B-901F-BAB98D2CD518}.Release|Any CPU.ActiveCfg = Release|Any CPU
		{45016ADE-C4BB-407B-901F-BAB98D2CD518}.Release|Any CPU.Build.0 = Release|Any CPU
		{ED8A9F23-94E7-4678-881F-66A9F846EA4F}.Debug|Any CPU.ActiveCfg = Debug|Any CPU
		{ED8A9F23-94E7-4678-881F-66A9F846EA4F}.Debug|Any CPU.Build.0 = Debug|Any CPU
		{ED8A9F23-94E7-4678-881F-66A9F846EA4F}.Release|Any CPU.ActiveCfg = Release|Any CPU
		{ED8A9F23-94E7-4678-881F-66A9F846EA4F}.Release|Any CPU.Build.0 = Release|Any CPU
		{D8BC977A-DFDA-45DF-B676-4CCC8CE2FC5D}.Debug|Any CPU.ActiveCfg = Debug|Any CPU
		{D8BC977A-DFDA-45DF-B676-4CCC8CE2FC5D}.Debug|Any CPU.Build.0 = Debug|Any CPU
		{D8BC977A-DFDA-45DF-B676-4CCC8CE2FC5D}.Release|Any CPU.ActiveCfg = Release|Any CPU
		{D8BC977A-DFDA-45DF-B676-4CCC8CE2FC5D}.Release|Any CPU.Build.0 = Release|Any CPU
		{593FF200-FE34-4700-B9D5-9ECD89FC6667}.Debug|Any CPU.ActiveCfg = Debug|Any CPU
		{593FF200-FE34-4700-B9D5-9ECD89FC6667}.Debug|Any CPU.Build.0 = Debug|Any CPU
		{593FF200-FE34-4700-B9D5-9ECD89FC6667}.Release|Any CPU.ActiveCfg = Release|Any CPU
		{593FF200-FE34-4700-B9D5-9ECD89FC6667}.Release|Any CPU.Build.0 = Release|Any CPU
		{8DD1E4D9-F9AF-450A-963B-5D63E2FAFC65}.Debug|Any CPU.ActiveCfg = Debug|Any CPU
		{8DD1E4D9-F9AF-450A-963B-5D63E2FAFC65}.Debug|Any CPU.Build.0 = Debug|Any CPU
		{8DD1E4D9-F9AF-450A-963B-5D63E2FAFC65}.Release|Any CPU.ActiveCfg = Release|Any CPU
		{8DD1E4D9-F9AF-450A-963B-5D63E2FAFC65}.Release|Any CPU.Build.0 = Release|Any CPU
		{1530A700-9AA5-4B33-A6E9-692209369985}.Debug|Any CPU.ActiveCfg = Debug|Any CPU
		{1530A700-9AA5-4B33-A6E9-692209369985}.Debug|Any CPU.Build.0 = Debug|Any CPU
		{1530A700-9AA5-4B33-A6E9-692209369985}.Release|Any CPU.ActiveCfg = Release|Any CPU
		{1530A700-9AA5-4B33-A6E9-692209369985}.Release|Any CPU.Build.0 = Release|Any CPU
	EndGlobalSection
	GlobalSection(SolutionProperties) = preSolution
		HideSolutionNode = FALSE
	EndGlobalSection
	GlobalSection(ExtensibilityGlobals) = postSolution
		SolutionGuid = {F275600C-3826-494D-A33A-11F834B87DC1}
	EndGlobalSection
EndGlobal
